
Microsoft Visual Studio Solution File, Format Version 12.00
# Visual Studio Version 16
VisualStudioVersion = 16.0.29311.281
MinimumVisualStudioVersion = 10.0.40219.1
Project("{9A19103F-16F7-4668-BE54-9A1E7A4F7556}") = "MongoDelta", "MongoDelta\MongoDelta.csproj", "{91505E2A-EFA8-406A-9D2E-7267ABCD44DE}"
EndProject
Project("{9A19103F-16F7-4668-BE54-9A1E7A4F7556}") = "MongoDelta.UnitTests", "MongoDelta.UnitTests\MongoDelta.UnitTests.csproj", "{C61D3532-A915-427C-A33D-FC3E85CCD98B}"
EndProject
Project("{9A19103F-16F7-4668-BE54-9A1E7A4F7556}") = "MongoDelta.IntegrationTests", "MongoDelta.IntegrationTests\MongoDelta.IntegrationTests.csproj", "{E520080A-645C-4529-8D78-802F18D3446A}"
EndProject
Project("{2150E333-8FDC-42A3-9474-1A3956D46DE8}") = "ASP.NET", "ASP.NET", "{B204D8BE-C606-46C2-BA5C-40FCC2D8417B}"
EndProject
Project("{FAE04EC0-301F-11D3-BF4B-00C04F79EFBC}") = "MongoDelta.AspNetCore3.Example", "MongoDelta.AspNetCore3.Example\MongoDelta.AspNetCore3.Example.csproj", "{9CB933FA-4676-4710-A857-0BAAD4C73495}"
EndProject
Project("{FAE04EC0-301F-11D3-BF4B-00C04F79EFBC}") = "MongoDelta.AspNetCore3", "MongoDelta.AspNetCore3\MongoDelta.AspNetCore3.csproj", "{90548F7E-778B-4D99-B180-28DBE296F620}"
EndProject
Project("{FAE04EC0-301F-11D3-BF4B-00C04F79EFBC}") = "MongoDelta.AspNetCore3.Example.IntegrationTests", "MongoDelta.AspNetCore3.Example.IntegrationTests\MongoDelta.AspNetCore3.Example.IntegrationTests.csproj", "{AEC3E56E-873D-48BC-922B-9D071E5FBF08}"
EndProject
Global
	GlobalSection(SolutionConfigurationPlatforms) = preSolution
		CI|Any CPU = CI|Any CPU
		Debug|Any CPU = Debug|Any CPU
		Release|Any CPU = Release|Any CPU
	EndGlobalSection
	GlobalSection(ProjectConfigurationPlatforms) = postSolution
		{91505E2A-EFA8-406A-9D2E-7267ABCD44DE}.CI|Any CPU.ActiveCfg = CI|Any CPU
		{91505E2A-EFA8-406A-9D2E-7267ABCD44DE}.CI|Any CPU.Build.0 = CI|Any CPU
		{91505E2A-EFA8-406A-9D2E-7267ABCD44DE}.Debug|Any CPU.ActiveCfg = Debug|Any CPU
		{91505E2A-EFA8-406A-9D2E-7267ABCD44DE}.Debug|Any CPU.Build.0 = Debug|Any CPU
		{91505E2A-EFA8-406A-9D2E-7267ABCD44DE}.Release|Any CPU.ActiveCfg = Release|Any CPU
		{91505E2A-EFA8-406A-9D2E-7267ABCD44DE}.Release|Any CPU.Build.0 = Release|Any CPU
		{C61D3532-A915-427C-A33D-FC3E85CCD98B}.CI|Any CPU.ActiveCfg = CI|Any CPU
		{C61D3532-A915-427C-A33D-FC3E85CCD98B}.CI|Any CPU.Build.0 = CI|Any CPU
		{C61D3532-A915-427C-A33D-FC3E85CCD98B}.Debug|Any CPU.ActiveCfg = Debug|Any CPU
		{C61D3532-A915-427C-A33D-FC3E85CCD98B}.Debug|Any CPU.Build.0 = Debug|Any CPU
		{C61D3532-A915-427C-A33D-FC3E85CCD98B}.Release|Any CPU.ActiveCfg = Release|Any CPU
		{C61D3532-A915-427C-A33D-FC3E85CCD98B}.Release|Any CPU.Build.0 = Release|Any CPU
		{E520080A-645C-4529-8D78-802F18D3446A}.CI|Any CPU.ActiveCfg = CI|Any CPU
		{E520080A-645C-4529-8D78-802F18D3446A}.CI|Any CPU.Build.0 = CI|Any CPU
		{E520080A-645C-4529-8D78-802F18D3446A}.Debug|Any CPU.ActiveCfg = Debug|Any CPU
		{E520080A-645C-4529-8D78-802F18D3446A}.Debug|Any CPU.Build.0 = Debug|Any CPU
		{E520080A-645C-4529-8D78-802F18D3446A}.Release|Any CPU.ActiveCfg = Release|Any CPU
		{E520080A-645C-4529-8D78-802F18D3446A}.Release|Any CPU.Build.0 = Release|Any CPU
		{9CB933FA-4676-4710-A857-0BAAD4C73495}.CI|Any CPU.ActiveCfg = Debug|Any CPU
		{9CB933FA-4676-4710-A857-0BAAD4C73495}.CI|Any CPU.Build.0 = Debug|Any CPU
		{9CB933FA-4676-4710-A857-0BAAD4C73495}.Debug|Any CPU.ActiveCfg = Debug|Any CPU
		{9CB933FA-4676-4710-A857-0BAAD4C73495}.Debug|Any CPU.Build.0 = Debug|Any CPU
		{9CB933FA-4676-4710-A857-0BAAD4C73495}.Release|Any CPU.ActiveCfg = Release|Any CPU
		{9CB933FA-4676-4710-A857-0BAAD4C73495}.Release|Any CPU.Build.0 = Release|Any CPU
		{90548F7E-778B-4D99-B180-28DBE296F620}.CI|Any CPU.ActiveCfg = Debug|Any CPU
		{90548F7E-778B-4D99-B180-28DBE296F620}.CI|Any CPU.Build.0 = Debug|Any CPU
		{90548F7E-778B-4D99-B180-28DBE296F620}.Debug|Any CPU.ActiveCfg = Debug|Any CPU
		{90548F7E-778B-4D99-B180-28DBE296F620}.Debug|Any CPU.Build.0 = Debug|Any CPU
		{90548F7E-778B-4D99-B180-28DBE296F620}.Release|Any CPU.ActiveCfg = Release|Any CPU
		{90548F7E-778B-4D99-B180-28DBE296F620}.Release|Any CPU.Build.0 = Release|Any CPU
		{AEC3E56E-873D-48BC-922B-9D071E5FBF08}.CI|Any CPU.ActiveCfg = Debug|Any CPU
		{AEC3E56E-873D-48BC-922B-9D071E5FBF08}.CI|Any CPU.Build.0 = Debug|Any CPU
		{AEC3E56E-873D-48BC-922B-9D071E5FBF08}.Debug|Any CPU.ActiveCfg = Debug|Any CPU
		{AEC3E56E-873D-48BC-922B-9D071E5FBF08}.Debug|Any CPU.Build.0 = Debug|Any CPU
		{AEC3E56E-873D-48BC-922B-9D071E5FBF08}.Release|Any CPU.ActiveCfg = Release|Any CPU
		{AEC3E56E-873D-48BC-922B-9D071E5FBF08}.Release|Any CPU.Build.0 = Release|Any CPU
	EndGlobalSection
	GlobalSection(SolutionProperties) = preSolution
		HideSolutionNode = FALSE
	EndGlobalSection
	GlobalSection(NestedProjects) = preSolution
		{9CB933FA-4676-4710-A857-0BAAD4C73495} = {B204D8BE-C606-46C2-BA5C-40FCC2D8417B}
		{90548F7E-778B-4D99-B180-28DBE296F620} = {B204D8BE-C606-46C2-BA5C-40FCC2D8417B}
		{AEC3E56E-873D-48BC-922B-9D071E5FBF08} = {B204D8BE-C606-46C2-BA5C-40FCC2D8417B}
	EndGlobalSection
	GlobalSection(ExtensibilityGlobals) = postSolution
		SolutionGuid = {29EC6DA6-7B77-45A8-91AA-F92A705FA82E}
	EndGlobalSection
EndGlobal
